
Microsoft Visual Studio Solution File, Format Version 12.00
# Visual Studio Version 17
VisualStudioVersion = 17.11.35312.102
MinimumVisualStudioVersion = 10.0.40219.1
Project("{FAE04EC0-301F-11D3-BF4B-00C04F79EFBC}") = "Week2IFStatements", "Week2IFStatements\Week2IFStatements.csproj", "{1C1C9BF9-93BC-4348-8F01-D8C8F748913C}"
EndProject
Global
	GlobalSection(SolutionConfigurationPlatforms) = preSolution
		Debug|Any CPU = Debug|Any CPU
		Release|Any CPU = Release|Any CPU
	EndGlobalSection
	GlobalSection(ProjectConfigurationPlatforms) = postSolution
		{1C1C9BF9-93BC-4348-8F01-D8C8F748913C}.Debug|Any CPU.ActiveCfg = Debug|Any CPU
		{1C1C9BF9-93BC-4348-8F01-D8C8F748913C}.Debug|Any CPU.Build.0 = Debug|Any CPU
		{1C1C9BF9-93BC-4348-8F01-D8C8F748913C}.Release|Any CPU.ActiveCfg = Release|Any CPU
		{1C1C9BF9-93BC-4348-8F01-D8C8F748913C}.Release|Any CPU.Build.0 = Release|Any CPU
	EndGlobalSection
	GlobalSection(SolutionProperties) = preSolution
		HideSolutionNode = FALSE
	EndGlobalSection
	GlobalSection(ExtensibilityGlobals) = postSolution
		SolutionGuid = {B56B3360-BE7D-4FF0-B596-2F4A992555B5}
	EndGlobalSection
EndGlobal
